// !$*UTF8*$!
{
	archiveVersion = 1;
	classes = {
	};
	objectVersion = 50;
	objects = {

/* Begin PBXBuildFile section */
		09EC9C75230D74E10079FF90 /* AppDelegate.swift in Sources */ = {isa = PBXBuildFile; fileRef = 09EC9C74230D74E10079FF90 /* AppDelegate.swift */; };
		09EC9C77230D74E10079FF90 /* SceneDelegate.swift in Sources */ = {isa = PBXBuildFile; fileRef = 09EC9C76230D74E10079FF90 /* SceneDelegate.swift */; };
		09EC9C79230D74E10079FF90 /* ContentView.swift in Sources */ = {isa = PBXBuildFile; fileRef = 09EC9C78230D74E10079FF90 /* ContentView.swift */; };
		09EC9C7B230D74E30079FF90 /* Assets.xcassets in Resources */ = {isa = PBXBuildFile; fileRef = 09EC9C7A230D74E30079FF90 /* Assets.xcassets */; };
		09EC9C7E230D74E30079FF90 /* Preview Assets.xcassets in Resources */ = {isa = PBXBuildFile; fileRef = 09EC9C7D230D74E30079FF90 /* Preview Assets.xcassets */; };
		09EC9C81230D74E30079FF90 /* LaunchScreen.storyboard in Resources */ = {isa = PBXBuildFile; fileRef = 09EC9C7F230D74E30079FF90 /* LaunchScreen.storyboard */; };
		09EC9C8C230D74E30079FF90 /* ConcentrationTests.swift in Sources */ = {isa = PBXBuildFile; fileRef = 09EC9C8B230D74E30079FF90 /* ConcentrationTests.swift */; };
		09EC9C97230D74E30079FF90 /* ConcentrationUITests.swift in Sources */ = {isa = PBXBuildFile; fileRef = 09EC9C96230D74E30079FF90 /* ConcentrationUITests.swift */; };
/* End PBXBuildFile section */

/* Begin PBXContainerItemProxy section */
		09EC9C88230D74E30079FF90 /* PBXContainerItemProxy */ = {
			isa = PBXContainerItemProxy;
			containerPortal = 09EC9C69230D74E10079FF90 /* Project object */;
			proxyType = 1;
			remoteGlobalIDString = 09EC9C70230D74E10079FF90;
			remoteInfo = Concentration;
		};
		09EC9C93230D74E30079FF90 /* PBXContainerItemProxy */ = {
			isa = PBXContainerItemProxy;
			containerPortal = 09EC9C69230D74E10079FF90 /* Project object */;
			proxyType = 1;
			remoteGlobalIDString = 09EC9C70230D74E10079FF90;
			remoteInfo = Concentration;
		};
/* End PBXContainerItemProxy section */

/* Begin PBXFileReference section */
		09EC9C71230D74E10079FF90 /* Concentration.app */ = {isa = PBXFileReference; explicitFileType = wrapper.application; includeInIndex = 0; path = Concentration.app; sourceTree = BUILT_PRODUCTS_DIR; };
		09EC9C74230D74E10079FF90 /* AppDelegate.swift */ = {isa = PBXFileReference; lastKnownFileType = sourcecode.swift; path = AppDelegate.swift; sourceTree = "<group>"; };
		09EC9C76230D74E10079FF90 /* SceneDelegate.swift */ = {isa = PBXFileReference; lastKnownFileType = sourcecode.swift; path = SceneDelegate.swift; sourceTree = "<group>"; };
		09EC9C78230D74E10079FF90 /* ContentView.swift */ = {isa = PBXFileReference; lastKnownFileType = sourcecode.swift; path = ContentView.swift; sourceTree = "<group>"; };
		09EC9C7A230D74E30079FF90 /* Assets.xcassets */ = {isa = PBXFileReference; lastKnownFileType = folder.assetcatalog; path = Assets.xcassets; sourceTree = "<group>"; };
		09EC9C7D230D74E30079FF90 /* Preview Assets.xcassets */ = {isa = PBXFileReference; lastKnownFileType = folder.assetcatalog; path = "Preview Assets.xcassets"; sourceTree = "<group>"; };
		09EC9C80230D74E30079FF90 /* Base */ = {isa = PBXFileReference; lastKnownFileType = file.storyboard; name = Base; path = Base.lproj/LaunchScreen.storyboard; sourceTree = "<group>"; };
		09EC9C82230D74E30079FF90 /* Info.plist */ = {isa = PBXFileReference; lastKnownFileType = text.plist.xml; path = Info.plist; sourceTree = "<group>"; };
		09EC9C87230D74E30079FF90 /* ConcentrationTests.xctest */ = {isa = PBXFileReference; explicitFileType = wrapper.cfbundle; includeInIndex = 0; path = ConcentrationTests.xctest; sourceTree = BUILT_PRODUCTS_DIR; };
		09EC9C8B230D74E30079FF90 /* ConcentrationTests.swift */ = {isa = PBXFileReference; lastKnownFileType = sourcecode.swift; path = ConcentrationTests.swift; sourceTree = "<group>"; };
		09EC9C8D230D74E30079FF90 /* Info.plist */ = {isa = PBXFileReference; lastKnownFileType = text.plist.xml; path = Info.plist; sourceTree = "<group>"; };
		09EC9C92230D74E30079FF90 /* ConcentrationUITests.xctest */ = {isa = PBXFileReference; explicitFileType = wrapper.cfbundle; includeInIndex = 0; path = ConcentrationUITests.xctest; sourceTree = BUILT_PRODUCTS_DIR; };
		09EC9C96230D74E30079FF90 /* ConcentrationUITests.swift */ = {isa = PBXFileReference; lastKnownFileType = sourcecode.swift; path = ConcentrationUITests.swift; sourceTree = "<group>"; };
		09EC9C98230D74E30079FF90 /* Info.plist */ = {isa = PBXFileReference; lastKnownFileType = text.plist.xml; path = Info.plist; sourceTree = "<group>"; };
/* End PBXFileReference section */

/* Begin PBXFrameworksBuildPhase section */
		09EC9C6E230D74E10079FF90 /* Frameworks */ = {
			isa = PBXFrameworksBuildPhase;
			buildActionMask = 2147483647;
			files = (
			);
			runOnlyForDeploymentPostprocessing = 0;
		};
		09EC9C84230D74E30079FF90 /* Frameworks */ = {
			isa = PBXFrameworksBuildPhase;
			buildActionMask = 2147483647;
			files = (
			);
			runOnlyForDeploymentPostprocessing = 0;
		};
		09EC9C8F230D74E30079FF90 /* Frameworks */ = {
			isa = PBXFrameworksBuildPhase;
			buildActionMask = 2147483647;
			files = (
			);
			runOnlyForDeploymentPostprocessing = 0;
		};
/* End PBXFrameworksBuildPhase section */

/* Begin PBXGroup section */
		09EC9C68230D74E10079FF90 = {
			isa = PBXGroup;
			children = (
				09EC9C73230D74E10079FF90 /* Concentration */,
				09EC9C8A230D74E30079FF90 /* ConcentrationTests */,
				09EC9C95230D74E30079FF90 /* ConcentrationUITests */,
				09EC9C72230D74E10079FF90 /* Products */,
			);
			sourceTree = "<group>";
		};
		09EC9C72230D74E10079FF90 /* Products */ = {
			isa = PBXGroup;
			children = (
				09EC9C71230D74E10079FF90 /* Concentration.app */,
				09EC9C87230D74E30079FF90 /* ConcentrationTests.xctest */,
				09EC9C92230D74E30079FF90 /* ConcentrationUITests.xctest */,
			);
			name = Products;
			sourceTree = "<group>";
		};
		09EC9C73230D74E10079FF90 /* Concentration */ = {
			isa = PBXGroup;
			children = (
				09EC9C74230D74E10079FF90 /* AppDelegate.swift */,
				09EC9C76230D74E10079FF90 /* SceneDelegate.swift */,
				09EC9C78230D74E10079FF90 /* ContentView.swift */,
				09EC9C7A230D74E30079FF90 /* Assets.xcassets */,
				09EC9C7F230D74E30079FF90 /* LaunchScreen.storyboard */,
				09EC9C82230D74E30079FF90 /* Info.plist */,
				09EC9C7C230D74E30079FF90 /* Preview Content */,
			);
			path = Concentration;
			sourceTree = "<group>";
		};
		09EC9C7C230D74E30079FF90 /* Preview Content */ = {
			isa = PBXGroup;
			children = (
				09EC9C7D230D74E30079FF90 /* Preview Assets.xcassets */,
			);
			path = "Preview Content";
			sourceTree = "<group>";
		};
		09EC9C8A230D74E30079FF90 /* ConcentrationTests */ = {
			isa = PBXGroup;
			children = (
				09EC9C8B230D74E30079FF90 /* ConcentrationTests.swift */,
				09EC9C8D230D74E30079FF90 /* Info.plist */,
			);
			path = ConcentrationTests;
			sourceTree = "<group>";
		};
		09EC9C95230D74E30079FF90 /* ConcentrationUITests */ = {
			isa = PBXGroup;
			children = (
				09EC9C96230D74E30079FF90 /* ConcentrationUITests.swift */,
				09EC9C98230D74E30079FF90 /* Info.plist */,
			);
			path = ConcentrationUITests;
			sourceTree = "<group>";
		};
/* End PBXGroup section */

/* Begin PBXNativeTarget section */
		09EC9C70230D74E10079FF90 /* Concentration */ = {
			isa = PBXNativeTarget;
			buildConfigurationList = 09EC9C9B230D74E30079FF90 /* Build configuration list for PBXNativeTarget "Concentration" */;
			buildPhases = (
				09EC9C6D230D74E10079FF90 /* Sources */,
				09EC9C6E230D74E10079FF90 /* Frameworks */,
				09EC9C6F230D74E10079FF90 /* Resources */,
			);
			buildRules = (
			);
			dependencies = (
			);
			name = Concentration;
			productName = Concentration;
			productReference = 09EC9C71230D74E10079FF90 /* Concentration.app */;
			productType = "com.apple.product-type.application";
		};
		09EC9C86230D74E30079FF90 /* ConcentrationTests */ = {
			isa = PBXNativeTarget;
			buildConfigurationList = 09EC9C9E230D74E30079FF90 /* Build configuration list for PBXNativeTarget "ConcentrationTests" */;
			buildPhases = (
				09EC9C83230D74E30079FF90 /* Sources */,
				09EC9C84230D74E30079FF90 /* Frameworks */,
				09EC9C85230D74E30079FF90 /* Resources */,
			);
			buildRules = (
			);
			dependencies = (
				09EC9C89230D74E30079FF90 /* PBXTargetDependency */,
			);
			name = ConcentrationTests;
			productName = ConcentrationTests;
			productReference = 09EC9C87230D74E30079FF90 /* ConcentrationTests.xctest */;
			productType = "com.apple.product-type.bundle.unit-test";
		};
		09EC9C91230D74E30079FF90 /* ConcentrationUITests */ = {
			isa = PBXNativeTarget;
			buildConfigurationList = 09EC9CA1230D74E30079FF90 /* Build configuration list for PBXNativeTarget "ConcentrationUITests" */;
			buildPhases = (
				09EC9C8E230D74E30079FF90 /* Sources */,
				09EC9C8F230D74E30079FF90 /* Frameworks */,
				09EC9C90230D74E30079FF90 /* Resources */,
			);
			buildRules = (
			);
			dependencies = (
				09EC9C94230D74E30079FF90 /* PBXTargetDependency */,
			);
			name = ConcentrationUITests;
			productName = ConcentrationUITests;
			productReference = 09EC9C92230D74E30079FF90 /* ConcentrationUITests.xctest */;
			productType = "com.apple.product-type.bundle.ui-testing";
		};
/* End PBXNativeTarget section */

/* Begin PBXProject section */
		09EC9C69230D74E10079FF90 /* Project object */ = {
			isa = PBXProject;
			attributes = {
				LastSwiftUpdateCheck = 1100;
				LastUpgradeCheck = 1100;
				ORGANIZATIONNAME = "HORI Taisuke";
				TargetAttributes = {
					09EC9C70230D74E10079FF90 = {
						CreatedOnToolsVersion = 11.0;
					};
					09EC9C86230D74E30079FF90 = {
						CreatedOnToolsVersion = 11.0;
						TestTargetID = 09EC9C70230D74E10079FF90;
					};
					09EC9C91230D74E30079FF90 = {
						CreatedOnToolsVersion = 11.0;
						TestTargetID = 09EC9C70230D74E10079FF90;
					};
				};
			};
			buildConfigurationList = 09EC9C6C230D74E10079FF90 /* Build configuration list for PBXProject "Concentration" */;
			compatibilityVersion = "Xcode 9.3";
			developmentRegion = en;
			hasScannedForEncodings = 0;
			knownRegions = (
				en,
				Base,
			);
			mainGroup = 09EC9C68230D74E10079FF90;
			productRefGroup = 09EC9C72230D74E10079FF90 /* Products */;
			projectDirPath = "";
			projectRoot = "";
			targets = (
				09EC9C70230D74E10079FF90 /* Concentration */,
				09EC9C86230D74E30079FF90 /* ConcentrationTests */,
				09EC9C91230D74E30079FF90 /* ConcentrationUITests */,
			);
		};
/* End PBXProject section */

/* Begin PBXResourcesBuildPhase section */
		09EC9C6F230D74E10079FF90 /* Resources */ = {
			isa = PBXResourcesBuildPhase;
			buildActionMask = 2147483647;
			files = (
				09EC9C81230D74E30079FF90 /* LaunchScreen.storyboard in Resources */,
				09EC9C7E230D74E30079FF90 /* Preview Assets.xcassets in Resources */,
				09EC9C7B230D74E30079FF90 /* Assets.xcassets in Resources */,
			);
			runOnlyForDeploymentPostprocessing = 0;
		};
		09EC9C85230D74E30079FF90 /* Resources */ = {
			isa = PBXResourcesBuildPhase;
			buildActionMask = 2147483647;
			files = (
			);
			runOnlyForDeploymentPostprocessing = 0;
		};
		09EC9C90230D74E30079FF90 /* Resources */ = {
			isa = PBXResourcesBuildPhase;
			buildActionMask = 2147483647;
			files = (
			);
			runOnlyForDeploymentPostprocessing = 0;
		};
/* End PBXResourcesBuildPhase section */

/* Begin PBXSourcesBuildPhase section */
		09EC9C6D230D74E10079FF90 /* Sources */ = {
			isa = PBXSourcesBuildPhase;
			buildActionMask = 2147483647;
			files = (
				09EC9C75230D74E10079FF90 /* AppDelegate.swift in Sources */,
				09EC9C77230D74E10079FF90 /* SceneDelegate.swift in Sources */,
				09EC9C79230D74E10079FF90 /* ContentView.swift in Sources */,
			);
			runOnlyForDeploymentPostprocessing = 0;
		};
		09EC9C83230D74E30079FF90 /* Sources */ = {
			isa = PBXSourcesBuildPhase;
			buildActionMask = 2147483647;
			files = (
				09EC9C8C230D74E30079FF90 /* ConcentrationTests.swift in Sources */,
			);
			runOnlyForDeploymentPostprocessing = 0;
		};
		09EC9C8E230D74E30079FF90 /* Sources */ = {
			isa = PBXSourcesBuildPhase;
			buildActionMask = 2147483647;
			files = (
				09EC9C97230D74E30079FF90 /* ConcentrationUITests.swift in Sources */,
			);
			runOnlyForDeploymentPostprocessing = 0;
		};
/* End PBXSourcesBuildPhase section */

/* Begin PBXTargetDependency section */
		09EC9C89230D74E30079FF90 /* PBXTargetDependency */ = {
			isa = PBXTargetDependency;
			target = 09EC9C70230D74E10079FF90 /* Concentration */;
			targetProxy = 09EC9C88230D74E30079FF90 /* PBXContainerItemProxy */;
		};
		09EC9C94230D74E30079FF90 /* PBXTargetDependency */ = {
			isa = PBXTargetDependency;
			target = 09EC9C70230D74E10079FF90 /* Concentration */;
			targetProxy = 09EC9C93230D74E30079FF90 /* PBXContainerItemProxy */;
		};
/* End PBXTargetDependency section */

/* Begin PBXVariantGroup section */
		09EC9C7F230D74E30079FF90 /* LaunchScreen.storyboard */ = {
			isa = PBXVariantGroup;
			children = (
				09EC9C80230D74E30079FF90 /* Base */,
			);
			name = LaunchScreen.storyboard;
			sourceTree = "<group>";
		};
/* End PBXVariantGroup section */

/* Begin XCBuildConfiguration section */
		09EC9C99230D74E30079FF90 /* Debug */ = {
			isa = XCBuildConfiguration;
			buildSettings = {
				ALWAYS_SEARCH_USER_PATHS = NO;
				CLANG_ANALYZER_NONNULL = YES;
				CLANG_ANALYZER_NUMBER_OBJECT_CONVERSION = YES_AGGRESSIVE;
				CLANG_CXX_LANGUAGE_STANDARD = "gnu++14";
				CLANG_CXX_LIBRARY = "libc++";
				CLANG_ENABLE_MODULES = YES;
				CLANG_ENABLE_OBJC_ARC = YES;
				CLANG_ENABLE_OBJC_WEAK = YES;
				CLANG_WARN_BLOCK_CAPTURE_AUTORELEASING = YES;
				CLANG_WARN_BOOL_CONVERSION = YES;
				CLANG_WARN_COMMA = YES;
				CLANG_WARN_CONSTANT_CONVERSION = YES;
				CLANG_WARN_DEPRECATED_OBJC_IMPLEMENTATIONS = YES;
				CLANG_WARN_DIRECT_OBJC_ISA_USAGE = YES_ERROR;
				CLANG_WARN_DOCUMENTATION_COMMENTS = YES;
				CLANG_WARN_EMPTY_BODY = YES;
				CLANG_WARN_ENUM_CONVERSION = YES;
				CLANG_WARN_INFINITE_RECURSION = YES;
				CLANG_WARN_INT_CONVERSION = YES;
				CLANG_WARN_NON_LITERAL_NULL_CONVERSION = YES;
				CLANG_WARN_OBJC_IMPLICIT_RETAIN_SELF = YES;
				CLANG_WARN_OBJC_LITERAL_CONVERSION = YES;
				CLANG_WARN_OBJC_ROOT_CLASS = YES_ERROR;
				CLANG_WARN_RANGE_LOOP_ANALYSIS = YES;
				CLANG_WARN_STRICT_PROTOTYPES = YES;
				CLANG_WARN_SUSPICIOUS_MOVE = YES;
				CLANG_WARN_UNGUARDED_AVAILABILITY = YES_AGGRESSIVE;
				CLANG_WARN_UNREACHABLE_CODE = YES;
				CLANG_WARN__DUPLICATE_METHOD_MATCH = YES;
				COPY_PHASE_STRIP = NO;
				DEBUG_INFORMATION_FORMAT = dwarf;
				ENABLE_STRICT_OBJC_MSGSEND = YES;
				ENABLE_TESTABILITY = YES;
				GCC_C_LANGUAGE_STANDARD = gnu11;
				GCC_DYNAMIC_NO_PIC = NO;
				GCC_NO_COMMON_BLOCKS = YES;
				GCC_OPTIMIZATION_LEVEL = 0;
				GCC_PREPROCESSOR_DEFINITIONS = (
					"DEBUG=1",
					"$(inherited)",
				);
				GCC_WARN_64_TO_32_BIT_CONVERSION = YES;
				GCC_WARN_ABOUT_RETURN_TYPE = YES_ERROR;
				GCC_WARN_UNDECLARED_SELECTOR = YES;
				GCC_WARN_UNINITIALIZED_AUTOS = YES_AGGRESSIVE;
				GCC_WARN_UNUSED_FUNCTION = YES;
				GCC_WARN_UNUSED_VARIABLE = YES;
				IPHONEOS_DEPLOYMENT_TARGET = 13.0;
				MTL_ENABLE_DEBUG_INFO = INCLUDE_SOURCE;
				MTL_FAST_MATH = YES;
				ONLY_ACTIVE_ARCH = YES;
				SDKROOT = iphoneos;
				SWIFT_ACTIVE_COMPILATION_CONDITIONS = DEBUG;
				SWIFT_OPTIMIZATION_LEVEL = "-Onone";
			};
			name = Debug;
		};
		09EC9C9A230D74E30079FF90 /* Release */ = {
			isa = XCBuildConfiguration;
			buildSettings = {
				ALWAYS_SEARCH_USER_PATHS = NO;
				CLANG_ANALYZER_NONNULL = YES;
				CLANG_ANALYZER_NUMBER_OBJECT_CONVERSION = YES_AGGRESSIVE;
				CLANG_CXX_LANGUAGE_STANDARD = "gnu++14";
				CLANG_CXX_LIBRARY = "libc++";
				CLANG_ENABLE_MODULES = YES;
				CLANG_ENABLE_OBJC_ARC = YES;
				CLANG_ENABLE_OBJC_WEAK = YES;
				CLANG_WARN_BLOCK_CAPTURE_AUTORELEASING = YES;
				CLANG_WARN_BOOL_CONVERSION = YES;
				CLANG_WARN_COMMA = YES;
				CLANG_WARN_CONSTANT_CONVERSION = YES;
				CLANG_WARN_DEPRECATED_OBJC_IMPLEMENTATIONS = YES;
				CLANG_WARN_DIRECT_OBJC_ISA_USAGE = YES_ERROR;
				CLANG_WARN_DOCUMENTATION_COMMENTS = YES;
				CLANG_WARN_EMPTY_BODY = YES;
				CLANG_WARN_ENUM_CONVERSION = YES;
				CLANG_WARN_INFINITE_RECURSION = YES;
				CLANG_WARN_INT_CONVERSION = YES;
				CLANG_WARN_NON_LITERAL_NULL_CONVERSION = YES;
				CLANG_WARN_OBJC_IMPLICIT_RETAIN_SELF = YES;
				CLANG_WARN_OBJC_LITERAL_CONVERSION = YES;
				CLANG_WARN_OBJC_ROOT_CLASS = YES_ERROR;
				CLANG_WARN_RANGE_LOOP_ANALYSIS = YES;
				CLANG_WARN_STRICT_PROTOTYPES = YES;
				CLANG_WARN_SUSPICIOUS_MOVE = YES;
				CLANG_WARN_UNGUARDED_AVAILABILITY = YES_AGGRESSIVE;
				CLANG_WARN_UNREACHABLE_CODE = YES;
				CLANG_WARN__DUPLICATE_METHOD_MATCH = YES;
				COPY_PHASE_STRIP = NO;
				DEBUG_INFORMATION_FORMAT = "dwarf-with-dsym";
				ENABLE_NS_ASSERTIONS = NO;
				ENABLE_STRICT_OBJC_MSGSEND = YES;
				GCC_C_LANGUAGE_STANDARD = gnu11;
				GCC_NO_COMMON_BLOCKS = YES;
				GCC_WARN_64_TO_32_BIT_CONVERSION = YES;
				GCC_WARN_ABOUT_RETURN_TYPE = YES_ERROR;
				GCC_WARN_UNDECLARED_SELECTOR = YES;
				GCC_WARN_UNINITIALIZED_AUTOS = YES_AGGRESSIVE;
				GCC_WARN_UNUSED_FUNCTION = YES;
				GCC_WARN_UNUSED_VARIABLE = YES;
				IPHONEOS_DEPLOYMENT_TARGET = 13.0;
				MTL_ENABLE_DEBUG_INFO = NO;
				MTL_FAST_MATH = YES;
				SDKROOT = iphoneos;
				SWIFT_COMPILATION_MODE = wholemodule;
				SWIFT_OPTIMIZATION_LEVEL = "-O";
				VALIDATE_PRODUCT = YES;
			};
			name = Release;
		};
		09EC9C9C230D74E30079FF90 /* Debug */ = {
			isa = XCBuildConfiguration;
			buildSettings = {
				ASSETCATALOG_COMPILER_APPICON_NAME = AppIcon;
				CODE_SIGN_STYLE = Automatic;
				DEVELOPMENT_ASSET_PATHS = "\"Concentration/Preview Content\"";
				DEVELOPMENT_TEAM = WG6TQ4AF5X;
				ENABLE_PREVIEWS = YES;
				INFOPLIST_FILE = Concentration/Info.plist;
				LD_RUNPATH_SEARCH_PATHS = (
					"$(inherited)",
					"@executable_path/Frameworks",
				);
				PRODUCT_BUNDLE_IDENTIFIER = jp.taisukeh.Concentration;
				PRODUCT_NAME = "$(TARGET_NAME)";
				SWIFT_VERSION = 5.0;
				TARGETED_DEVICE_FAMILY = "1,2";
			};
			name = Debug;
		};
		09EC9C9D230D74E30079FF90 /* Release */ = {
			isa = XCBuildConfiguration;
			buildSettings = {
				ASSETCATALOG_COMPILER_APPICON_NAME = AppIcon;
				CODE_SIGN_STYLE = Automatic;
				DEVELOPMENT_ASSET_PATHS = "\"Concentration/Preview Content\"";
				DEVELOPMENT_TEAM = WG6TQ4AF5X;
				ENABLE_PREVIEWS = YES;
				INFOPLIST_FILE = Concentration/Info.plist;
				LD_RUNPATH_SEARCH_PATHS = (
					"$(inherited)",
					"@executable_path/Frameworks",
				);
				PRODUCT_BUNDLE_IDENTIFIER = jp.taisukeh.Concentration;
				PRODUCT_NAME = "$(TARGET_NAME)";
				SWIFT_VERSION = 5.0;
				TARGETED_DEVICE_FAMILY = "1,2";
			};
			name = Release;
		};
		09EC9C9F230D74E30079FF90 /* Debug */ = {
			isa = XCBuildConfiguration;
			buildSettings = {
				ALWAYS_EMBED_SWIFT_STANDARD_LIBRARIES = YES;
				BUNDLE_LOADER = "$(TEST_HOST)";
				CODE_SIGN_STYLE = Automatic;
				DEVELOPMENT_TEAM = WG6TQ4AF5X;
				INFOPLIST_FILE = ConcentrationTests/Info.plist;
				IPHONEOS_DEPLOYMENT_TARGET = 13.0;
				LD_RUNPATH_SEARCH_PATHS = (
					"$(inherited)",
					"@executable_path/Frameworks",
					"@loader_path/Frameworks",
				);
				PRODUCT_BUNDLE_IDENTIFIER = jp.taisukeh.ConcentrationTests;
				PRODUCT_NAME = "$(TARGET_NAME)";
				SWIFT_VERSION = 5.0;
				TARGETED_DEVICE_FAMILY = "1,2";
				TEST_HOST = "$(BUILT_PRODUCTS_DIR)/Concentration.app/Concentration";
			};
			name = Debug;
		};
		09EC9CA0230D74E30079FF90 /* Release */ = {
			isa = XCBuildConfiguration;
			buildSettings = {
				ALWAYS_EMBED_SWIFT_STANDARD_LIBRARIES = YES;
				BUNDLE_LOADER = "$(TEST_HOST)";
				CODE_SIGN_STYLE = Automatic;
				DEVELOPMENT_TEAM = WG6TQ4AF5X;
				INFOPLIST_FILE = ConcentrationTests/Info.plist;
				IPHONEOS_DEPLOYMENT_TARGET = 13.0;
				LD_RUNPATH_SEARCH_PATHS = (
					"$(inherited)",
					"@executable_path/Frameworks",
					"@loader_path/Frameworks",
				);
				PRODUCT_BUNDLE_IDENTIFIER = jp.taisukeh.ConcentrationTests;
				PRODUCT_NAME = "$(TARGET_NAME)";
				SWIFT_VERSION = 5.0;
				TARGETED_DEVICE_FAMILY = "1,2";
				TEST_HOST = "$(BUILT_PRODUCTS_DIR)/Concentration.app/Concentration";
			};
			name = Release;
		};
		09EC9CA2230D74E30079FF90 /* Debug */ = {
			isa = XCBuildConfiguration;
			buildSettings = {
				ALWAYS_EMBED_SWIFT_STANDARD_LIBRARIES = YES;
				CODE_SIGN_STYLE = Automatic;
				DEVELOPMENT_TEAM = WG6TQ4AF5X;
				INFOPLIST_FILE = ConcentrationUITests/Info.plist;
				LD_RUNPATH_SEARCH_PATHS = (
					"$(inherited)",
					"@executable_path/Frameworks",
					"@loader_path/Frameworks",
				);
				PRODUCT_BUNDLE_IDENTIFIER = jp.taisukeh.ConcentrationUITests;
				PRODUCT_NAME = "$(TARGET_NAME)";
				SWIFT_VERSION = 5.0;
				TARGETED_DEVICE_FAMILY = "1,2";
				TEST_TARGET_NAME = Concentration;
			};
			name = Debug;
		};
		09EC9CA3230D74E30079FF90 /* Release */ = {
			isa = XCBuildConfiguration;
			buildSettings = {
				ALWAYS_EMBED_SWIFT_STANDARD_LIBRARIES = YES;
				CODE_SIGN_STYLE = Automatic;
				DEVELOPMENT_TEAM = WG6TQ4AF5X;
				INFOPLIST_FILE = ConcentrationUITests/Info.plist;
				LD_RUNPATH_SEARCH_PATHS = (
					"$(inherited)",
					"@executable_path/Frameworks",
					"@loader_path/Frameworks",
				);
				PRODUCT_BUNDLE_IDENTIFIER = jp.taisukeh.ConcentrationUITests;
				PRODUCT_NAME = "$(TARGET_NAME)";
				SWIFT_VERSION = 5.0;
				TARGETED_DEVICE_FAMILY = "1,2";
				TEST_TARGET_NAME = Concentration;
			};
			name = Release;
		};
/* End XCBuildConfiguration section */

/* Begin XCConfigurationList section */
		09EC9C6C230D74E10079FF90 /* Build configuration list for PBXProject "Concentration" */ = {
			isa = XCConfigurationList;
			buildConfigurations = (
				09EC9C99230D74E30079FF90 /* Debug */,
				09EC9C9A230D74E30079FF90 /* Release */,
			);
			defaultConfigurationIsVisible = 0;
			defaultConfigurationName = Release;
		};
		09EC9C9B230D74E30079FF90 /* Build configuration list for PBXNativeTarget "Concentration" */ = {
			isa = XCConfigurationList;
			buildConfigurations = (
				09EC9C9C230D74E30079FF90 /* Debug */,
				09EC9C9D230D74E30079FF90 /* Release */,
			);
			defaultConfigurationIsVisible = 0;
			defaultConfigurationName = Release;
		};
		09EC9C9E230D74E30079FF90 /* Build configuration list for PBXNativeTarget "ConcentrationTests" */ = {
			isa = XCConfigurationList;
			buildConfigurations = (
				09EC9C9F230D74E30079FF90 /* Debug */,
				09EC9CA0230D74E30079FF90 /* Release */,
			);
			defaultConfigurationIsVisible = 0;
			defaultConfigurationName = Release;
		};
		09EC9CA1230D74E30079FF90 /* Build configuration list for PBXNativeTarget "ConcentrationUITests" */ = {
			isa = XCConfigurationList;
			buildConfigurations = (
				09EC9CA2230D74E30079FF90 /* Debug */,
				09EC9CA3230D74E30079FF90 /* Release */,
			);
			defaultConfigurationIsVisible = 0;
			defaultConfigurationName = Release;
		};
/* End XCConfigurationList section */
	};
	rootObject = 09EC9C69230D74E10079FF90 /* Project object */;
}
